
Microsoft Visual Studio Solution File, Format Version 11.00
# Visual Studio 2010
Project("{FAE04EC0-301F-11D3-BF4B-00C04F79EFBC}") = "VideoConferenceGui", "VideoConference\VideoConferenceGui.csproj", "{594F0F51-6C01-4E81-88FD-6C8F692BDB7E}"
EndProject
Project("{FAE04EC0-301F-11D3-BF4B-00C04F79EFBC}") = "VideoConferenceControls", "VideoConferenceControls\VideoConferenceControls.csproj", "{E5B4538F-B728-4952-841C-BF7190F869CA}"
EndProject
Project("{FAE04EC0-301F-11D3-BF4B-00C04F79EFBC}") = "VideoConferenceConnection", "VideoConferenceConnection\VideoConferenceConnection.csproj", "{2EF8A286-D29C-455A-BD87-0EE730FB1757}"
EndProject
Project("{FAE04EC0-301F-11D3-BF4B-00C04F79EFBC}") = "VideoConferenceUtils", "VideoConferenceUtils\VideoConferenceUtils.csproj", "{B7DA3CAC-1E2E-4EFC-8BF1-E41157507FC4}"
EndProject
Project("{FAE04EC0-301F-11D3-BF4B-00C04F79EFBC}") = "VideoConferenceCommon", "VideoConferenceCommon\VideoConferenceCommon.csproj", "{2FD42E7E-B1F1-478E-9430-3254E157860C}"
EndProject
Project("{FAE04EC0-301F-11D3-BF4B-00C04F79EFBC}") = "VideoConferenceResources", "VideoConferenceResources\VideoConferenceResources.csproj", "{2089927D-9EAB-4A6A-A83B-DFE11FA99E08}"
EndProject
Project("{FAE04EC0-301F-11D3-BF4B-00C04F79EFBC}") = "VideoConferenceForms", "VideoConferenceForms\VideoConferenceForms.csproj", "{A72A9975-E467-4516-AAD3-F93C697672D7}"
EndProject
Project("{FAE04EC0-301F-11D3-BF4B-00C04F79EFBC}") = "VideoConferenceObjects", "VideoConferenceObjects\VideoConferenceObjects.csproj", "{C96851CC-07ED-4732-AE4F-3130706217DA}"
EndProject
Global
	GlobalSection(SolutionConfigurationPlatforms) = preSolution
		Debug|Any CPU = Debug|Any CPU
		Debug|Mixed Platforms = Debug|Mixed Platforms
		Debug|x86 = Debug|x86
		Release|Any CPU = Release|Any CPU
		Release|Mixed Platforms = Release|Mixed Platforms
		Release|x86 = Release|x86
	EndGlobalSection
	GlobalSection(ProjectConfigurationPlatforms) = postSolution
		{594F0F51-6C01-4E81-88FD-6C8F692BDB7E}.Debug|Any CPU.ActiveCfg = Debug|x86
		{594F0F51-6C01-4E81-88FD-6C8F692BDB7E}.Debug|Mixed Platforms.ActiveCfg = Debug|x86
		{594F0F51-6C01-4E81-88FD-6C8F692BDB7E}.Debug|Mixed Platforms.Build.0 = Debug|x86
		{594F0F51-6C01-4E81-88FD-6C8F692BDB7E}.Debug|x86.ActiveCfg = Debug|x86
		{594F0F51-6C01-4E81-88FD-6C8F692BDB7E}.Debug|x86.Build.0 = Debug|x86
		{594F0F51-6C01-4E81-88FD-6C8F692BDB7E}.Release|Any CPU.ActiveCfg = Release|x86
		{594F0F51-6C01-4E81-88FD-6C8F692BDB7E}.Release|Mixed Platforms.ActiveCfg = Release|x86
		{594F0F51-6C01-4E81-88FD-6C8F692BDB7E}.Release|Mixed Platforms.Build.0 = Release|x86
		{594F0F51-6C01-4E81-88FD-6C8F692BDB7E}.Release|x86.ActiveCfg = Release|x86
		{594F0F51-6C01-4E81-88FD-6C8F692BDB7E}.Release|x86.Build.0 = Release|x86
		{E5B4538F-B728-4952-841C-BF7190F869CA}.Debug|Any CPU.ActiveCfg = Debug|Any CPU
		{E5B4538F-B728-4952-841C-BF7190F869CA}.Debug|Any CPU.Build.0 = Debug|Any CPU
		{E5B4538F-B728-4952-841C-BF7190F869CA}.Debug|Mixed Platforms.ActiveCfg = Debug|Any CPU
		{E5B4538F-B728-4952-841C-BF7190F869CA}.Debug|Mixed Platforms.Build.0 = Debug|Any CPU
		{E5B4538F-B728-4952-841C-BF7190F869CA}.Debug|x86.ActiveCfg = Debug|Any CPU
		{E5B4538F-B728-4952-841C-BF7190F869CA}.Release|Any CPU.ActiveCfg = Release|Any CPU
		{E5B4538F-B728-4952-841C-BF7190F869CA}.Release|Any CPU.Build.0 = Release|Any CPU
		{E5B4538F-B728-4952-841C-BF7190F869CA}.Release|Mixed Platforms.ActiveCfg = Release|Any CPU
		{E5B4538F-B728-4952-841C-BF7190F869CA}.Release|Mixed Platforms.Build.0 = Release|Any CPU
		{E5B4538F-B728-4952-841C-BF7190F869CA}.Release|x86.ActiveCfg = Release|Any CPU
		{2EF8A286-D29C-455A-BD87-0EE730FB1757}.Debug|Any CPU.ActiveCfg = Debug|Any CPU
		{2EF8A286-D29C-455A-BD87-0EE730FB1757}.Debug|Any CPU.Build.0 = Debug|Any CPU
		{2EF8A286-D29C-455A-BD87-0EE730FB1757}.Debug|Mixed Platforms.ActiveCfg = Debug|Any CPU
		{2EF8A286-D29C-455A-BD87-0EE730FB1757}.Debug|Mixed Platforms.Build.0 = Debug|Any CPU
		{2EF8A286-D29C-455A-BD87-0EE730FB1757}.Debug|x86.ActiveCfg = Debug|Any CPU
		{2EF8A286-D29C-455A-BD87-0EE730FB1757}.Release|Any CPU.ActiveCfg = Release|Any CPU
		{2EF8A286-D29C-455A-BD87-0EE730FB1757}.Release|Any CPU.Build.0 = Release|Any CPU
		{2EF8A286-D29C-455A-BD87-0EE730FB1757}.Release|Mixed Platforms.ActiveCfg = Release|Any CPU
		{2EF8A286-D29C-455A-BD87-0EE730FB1757}.Release|Mixed Platforms.Build.0 = Release|Any CPU
		{2EF8A286-D29C-455A-BD87-0EE730FB1757}.Release|x86.ActiveCfg = Release|Any CPU
		{B7DA3CAC-1E2E-4EFC-8BF1-E41157507FC4}.Debug|Any CPU.ActiveCfg = Debug|Any CPU
		{B7DA3CAC-1E2E-4EFC-8BF1-E41157507FC4}.Debug|Any CPU.Build.0 = Debug|Any CPU
		{B7DA3CAC-1E2E-4EFC-8BF1-E41157507FC4}.Debug|Mixed Platforms.ActiveCfg = Debug|Any CPU
		{B7DA3CAC-1E2E-4EFC-8BF1-E41157507FC4}.Debug|Mixed Platforms.Build.0 = Debug|Any CPU
		{B7DA3CAC-1E2E-4EFC-8BF1-E41157507FC4}.Debug|x86.ActiveCfg = Debug|Any CPU
		{B7DA3CAC-1E2E-4EFC-8BF1-E41157507FC4}.Release|Any CPU.ActiveCfg = Release|Any CPU
		{B7DA3CAC-1E2E-4EFC-8BF1-E41157507FC4}.Release|Any CPU.Build.0 = Release|Any CPU
		{B7DA3CAC-1E2E-4EFC-8BF1-E41157507FC4}.Release|Mixed Platforms.ActiveCfg = Release|Any CPU
		{B7DA3CAC-1E2E-4EFC-8BF1-E41157507FC4}.Release|Mixed Platforms.Build.0 = Release|Any CPU
		{B7DA3CAC-1E2E-4EFC-8BF1-E41157507FC4}.Release|x86.ActiveCfg = Release|Any CPU
		{2FD42E7E-B1F1-478E-9430-3254E157860C}.Debug|Any CPU.ActiveCfg = Debug|Any CPU
		{2FD42E7E-B1F1-478E-9430-3254E157860C}.Debug|Any CPU.Build.0 = Debug|Any CPU
		{2FD42E7E-B1F1-478E-9430-3254E157860C}.Debug|Mixed Platforms.ActiveCfg = Debug|Any CPU
		{2FD42E7E-B1F1-478E-9430-3254E157860C}.Debug|Mixed Platforms.Build.0 = Debug|Any CPU
		{2FD42E7E-B1F1-478E-9430-3254E157860C}.Debug|x86.ActiveCfg = Debug|Any CPU
		{2FD42E7E-B1F1-478E-9430-3254E157860C}.Release|Any CPU.ActiveCfg = Release|Any CPU
		{2FD42E7E-B1F1-478E-9430-3254E157860C}.Release|Any CPU.Build.0 = Release|Any CPU
		{2FD42E7E-B1F1-478E-9430-3254E157860C}.Release|Mixed Platforms.ActiveCfg = Release|Any CPU
		{2FD42E7E-B1F1-478E-9430-3254E157860C}.Release|Mixed Platforms.Build.0 = Release|Any CPU
		{2FD42E7E-B1F1-478E-9430-3254E157860C}.Release|x86.ActiveCfg = Release|Any CPU
		{2089927D-9EAB-4A6A-A83B-DFE11FA99E08}.Debug|Any CPU.ActiveCfg = Debug|Any CPU
		{2089927D-9EAB-4A6A-A83B-DFE11FA99E08}.Debug|Any CPU.Build.0 = Debug|Any CPU
		{2089927D-9EAB-4A6A-A83B-DFE11FA99E08}.Debug|Mixed Platforms.ActiveCfg = Debug|Any CPU
		{2089927D-9EAB-4A6A-A83B-DFE11FA99E08}.Debug|Mixed Platforms.Build.0 = Debug|Any CPU
		{2089927D-9EAB-4A6A-A83B-DFE11FA99E08}.Debug|x86.ActiveCfg = Debug|Any CPU
		{2089927D-9EAB-4A6A-A83B-DFE11FA99E08}.Release|Any CPU.ActiveCfg = Release|Any CPU
		{2089927D-9EAB-4A6A-A83B-DFE11FA99E08}.Release|Any CPU.Build.0 = Release|Any CPU
		{2089927D-9EAB-4A6A-A83B-DFE11FA99E08}.Release|Mixed Platforms.ActiveCfg = Release|Any CPU
		{2089927D-9EAB-4A6A-A83B-DFE11FA99E08}.Release|Mixed Platforms.Build.0 = Release|Any CPU
		{2089927D-9EAB-4A6A-A83B-DFE11FA99E08}.Release|x86.ActiveCfg = Release|Any CPU
		{A72A9975-E467-4516-AAD3-F93C697672D7}.Debug|Any CPU.ActiveCfg = Debug|Any CPU
		{A72A9975-E467-4516-AAD3-F93C697672D7}.Debug|Any CPU.Build.0 = Debug|Any CPU
		{A72A9975-E467-4516-AAD3-F93C697672D7}.Debug|Mixed Platforms.ActiveCfg = Debug|Any CPU
		{A72A9975-E467-4516-AAD3-F93C697672D7}.Debug|Mixed Platforms.Build.0 = Debug|Any CPU
		{A72A9975-E467-4516-AAD3-F93C697672D7}.Debug|x86.ActiveCfg = Debug|Any CPU
		{A72A9975-E467-4516-AAD3-F93C697672D7}.Release|Any CPU.ActiveCfg = Release|Any CPU
		{A72A9975-E467-4516-AAD3-F93C697672D7}.Release|Any CPU.Build.0 = Release|Any CPU
		{A72A9975-E467-4516-AAD3-F93C697672D7}.Release|Mixed Platforms.ActiveCfg = Release|Any CPU
		{A72A9975-E467-4516-AAD3-F93C697672D7}.Release|Mixed Platforms.Build.0 = Release|Any CPU
		{A72A9975-E467-4516-AAD3-F93C697672D7}.Release|x86.ActiveCfg = Release|Any CPU
		{C96851CC-07ED-4732-AE4F-3130706217DA}.Debug|Any CPU.ActiveCfg = Debug|Any CPU
		{C96851CC-07ED-4732-AE4F-3130706217DA}.Debug|Any CPU.Build.0 = Debug|Any CPU
		{C96851CC-07ED-4732-AE4F-3130706217DA}.Debug|Mixed Platforms.ActiveCfg = Debug|Any CPU
		{C96851CC-07ED-4732-AE4F-3130706217DA}.Debug|Mixed Platforms.Build.0 = Debug|Any CPU
		{C96851CC-07ED-4732-AE4F-3130706217DA}.Debug|x86.ActiveCfg = Debug|Any CPU
		{C96851CC-07ED-4732-AE4F-3130706217DA}.Release|Any CPU.ActiveCfg = Release|Any CPU
		{C96851CC-07ED-4732-AE4F-3130706217DA}.Release|Any CPU.Build.0 = Release|Any CPU
		{C96851CC-07ED-4732-AE4F-3130706217DA}.Release|Mixed Platforms.ActiveCfg = Release|Any CPU
		{C96851CC-07ED-4732-AE4F-3130706217DA}.Release|Mixed Platforms.Build.0 = Release|Any CPU
		{C96851CC-07ED-4732-AE4F-3130706217DA}.Release|x86.ActiveCfg = Release|Any CPU
	EndGlobalSection
	GlobalSection(SolutionProperties) = preSolution
		HideSolutionNode = FALSE
	EndGlobalSection
EndGlobal
